
Microsoft Visual Studio Solution File, Format Version 12.00
# Visual Studio 15
VisualStudioVersion = 15.0.27130.2010
MinimumVisualStudioVersion = 10.0.40219.1
Project("{FAE04EC0-301F-11D3-BF4B-00C04F79EFBC}") = "CS-012 ChallengeConditionalRadioButton", "CS-012 ChallengeConditionalRadioButton\CS-012 ChallengeConditionalRadioButton.csproj", "{C709A5C5-8FC0-4A36-AA27-06B0F0F1EA90}"
EndProject
Global
	GlobalSection(SolutionConfigurationPlatforms) = preSolution
		Debug|Any CPU = Debug|Any CPU
		Release|Any CPU = Release|Any CPU
	EndGlobalSection
	GlobalSection(ProjectConfigurationPlatforms) = postSolution
		{C709A5C5-8FC0-4A36-AA27-06B0F0F1EA90}.Debug|Any CPU.ActiveCfg = Debug|Any CPU
		{C709A5C5-8FC0-4A36-AA27-06B0F0F1EA90}.Debug|Any CPU.Build.0 = Debug|Any CPU
		{C709A5C5-8FC0-4A36-AA27-06B0F0F1EA90}.Release|Any CPU.ActiveCfg = Release|Any CPU
		{C709A5C5-8FC0-4A36-AA27-06B0F0F1EA90}.Release|Any CPU.Build.0 = Release|Any CPU
	EndGlobalSection
	GlobalSection(SolutionProperties) = preSolution
		HideSolutionNode = FALSE
	EndGlobalSection
	GlobalSection(ExtensibilityGlobals) = postSolution
		SolutionGuid = {FFD93F03-F630-4765-A901-BC38BC1FACD5}
	EndGlobalSection
EndGlobal
